
Microsoft Visual Studio Solution File, Format Version 12.00
# Visual Studio Version 16
VisualStudioVersion = 16.0.29509.3
MinimumVisualStudioVersion = 10.0.40219.1
Project("{FAE04EC0-301F-11D3-BF4B-00C04F79EFBC}") = "ColoringGridMaker", "ColoringGridMaker.csproj", "{A1540946-CAE9-4DE5-A52C-6AA6BA850DBF}"
EndProject
Global
	GlobalSection(SolutionConfigurationPlatforms) = preSolution
		Debug|Any CPU = Debug|Any CPU
		Release|Any CPU = Release|Any CPU
	EndGlobalSection
	GlobalSection(ProjectConfigurationPlatforms) = postSolution
		{A1540946-CAE9-4DE5-A52C-6AA6BA850DBF}.Debug|Any CPU.ActiveCfg = Debug|Any CPU
		{A1540946-CAE9-4DE5-A52C-6AA6BA850DBF}.Debug|Any CPU.Build.0 = Debug|Any CPU
		{A1540946-CAE9-4DE5-A52C-6AA6BA850DBF}.Release|Any CPU.ActiveCfg = Release|Any CPU
		{A1540946-CAE9-4DE5-A52C-6AA6BA850DBF}.Release|Any CPU.Build.0 = Release|Any CPU
	EndGlobalSection
	GlobalSection(SolutionProperties) = preSolution
		HideSolutionNode = FALSE
	EndGlobalSection
	GlobalSection(ExtensibilityGlobals) = postSolution
		SolutionGuid = {DBFDACF8-FAEF-4C77-88A3-EE11EA578272}
	EndGlobalSection
EndGlobal
